{
  "name": "face_compound",
  "version": "0.1.0",
  "lockfileVersion": 1,
  "requires": true,
  "dependencies": {
    "babel-helper-module-imports": {
      "version": "7.0.0-beta.3",
      "resolved": "http://registry.npm.taobao.org/babel-helper-module-imports/download/babel-helper-module-imports-7.0.0-beta.3.tgz",
      "integrity": "sha1-4Vdk46+cjhGBDAn3j0mKK9xxWFo=",
      "dev": true,
      "requires": {
        "babel-types": "7.0.0-beta.3",
        "lodash": "4.17.4"
      }
    },
    "babel-plugin-import": {
      "version": "1.6.2",
      "resolved": "http://registry.npm.taobao.org/babel-plugin-import/download/babel-plugin-import-1.6.2.tgz",
      "integrity": "sha1-Caj/jsjmfgA0+XrfHYM7DVtugV4=",
      "dev": true,
      "requires": {
        "babel-helper-module-imports": "7.0.0-beta.3"
      }
    },
    "babel-types": {
      "version": "7.0.0-beta.3",
      "resolved": "http://registry.npm.taobao.org/babel-types/download/babel-types-7.0.0-beta.3.tgz",
      "integrity": "sha1-zZJ8pw4K6KsF9Kq4N3jPs+brILQ=",
      "dev": true,
      "requires": {
        "esutils": "2.0.2",
        "lodash": "4.17.4",
        "to-fast-properties": "2.0.0"
      }
    },
    "esutils": {
      "version": "2.0.2",
      "resolved": "http://registry.npm.taobao.org/esutils/download/esutils-2.0.2.tgz",
      "integrity": "sha1-Cr9PHKpbyx96nYrMbepPqqBLrJs=",
      "dev": true
    },
    "lodash": {
      "version": "4.17.4",
      "resolved": "http://registry.npm.taobao.org/lodash/download/lodash-4.17.4.tgz",
      "integrity": "sha1-eCA6TRwyiuHYbcpkYONptX9AVa4=",
      "dev": true
    },
    "to-fast-properties": {
      "version": "2.0.0",
      "resolved": "http://registry.npm.taobao.org/to-fast-properties/download/to-fast-properties-2.0.0.tgz",
      "integrity": "sha1-3F5pjL0HkmW8c+A3doGk5Og/YW4=",
      "dev": true
    }
  }
}
